
Microsoft Visual Studio Solution File, Format Version 12.00
# Visual Studio Version 17
VisualStudioVersion = 17.10.35027.167
MinimumVisualStudioVersion = 10.0.40219.1
Project("{FAE04EC0-301F-11D3-BF4B-00C04F79EFBC}") = "LinearAlgebra", "LinearAlgebra2\LinearAlgebra.csproj", "{9B73729F-2685-4884-95A3-F4FECA8476BC}"
EndProject
Project("{FAE04EC0-301F-11D3-BF4B-00C04F79EFBC}") = "VectorDemo", "VectorDemo\VectorDemo.csproj", "{7193C75E-033F-433C-9503-6A070EB0867D}"
EndProject
Project("{FAE04EC0-301F-11D3-BF4B-00C04F79EFBC}") = "TestVector", "TestVector\TestVector.csproj", "{D49642B9-F003-4EB0-897F-3B2EE42EFDC9}"
EndProject
Global
	GlobalSection(SolutionConfigurationPlatforms) = preSolution
		Debug|Any CPU = Debug|Any CPU
		Release|Any CPU = Release|Any CPU
	EndGlobalSection
	GlobalSection(ProjectConfigurationPlatforms) = postSolution
		{9B73729F-2685-4884-95A3-F4FECA8476BC}.Debug|Any CPU.ActiveCfg = Debug|Any CPU
		{9B73729F-2685-4884-95A3-F4FECA8476BC}.Debug|Any CPU.Build.0 = Debug|Any CPU
		{9B73729F-2685-4884-95A3-F4FECA8476BC}.Release|Any CPU.ActiveCfg = Release|Any CPU
		{9B73729F-2685-4884-95A3-F4FECA8476BC}.Release|Any CPU.Build.0 = Release|Any CPU
		{7193C75E-033F-433C-9503-6A070EB0867D}.Debug|Any CPU.ActiveCfg = Debug|Any CPU
		{7193C75E-033F-433C-9503-6A070EB0867D}.Debug|Any CPU.Build.0 = Debug|Any CPU
		{7193C75E-033F-433C-9503-6A070EB0867D}.Release|Any CPU.ActiveCfg = Release|Any CPU
		{7193C75E-033F-433C-9503-6A070EB0867D}.Release|Any CPU.Build.0 = Release|Any CPU
		{D49642B9-F003-4EB0-897F-3B2EE42EFDC9}.Debug|Any CPU.ActiveCfg = Debug|Any CPU
		{D49642B9-F003-4EB0-897F-3B2EE42EFDC9}.Debug|Any CPU.Build.0 = Debug|Any CPU
		{D49642B9-F003-4EB0-897F-3B2EE42EFDC9}.Release|Any CPU.ActiveCfg = Release|Any CPU
		{D49642B9-F003-4EB0-897F-3B2EE42EFDC9}.Release|Any CPU.Build.0 = Release|Any CPU
	EndGlobalSection
	GlobalSection(SolutionProperties) = preSolution
		HideSolutionNode = FALSE
	EndGlobalSection
	GlobalSection(ExtensibilityGlobals) = postSolution
		SolutionGuid = {A70877A4-3695-41DE-AB3B-A3E971E96656}
	EndGlobalSection
EndGlobal
